
Microsoft Visual Studio Solution File, Format Version 12.00
# Visual Studio Version 16
VisualStudioVersion = 16.0.28516.95
MinimumVisualStudioVersion = 10.0.40219.1
Project("{FAE04EC0-301F-11D3-BF4B-00C04F79EFBC}") = "DoubleLinkedList", "DoubleLinkedList\DoubleLinkedList.csproj", "{98E63AD3-19D3-4905-A427-C18BB997E563}"
EndProject
Global
	GlobalSection(SolutionConfigurationPlatforms) = preSolution
		Debug|Any CPU = Debug|Any CPU
		Release|Any CPU = Release|Any CPU
	EndGlobalSection
	GlobalSection(ProjectConfigurationPlatforms) = postSolution
		{98E63AD3-19D3-4905-A427-C18BB997E563}.Debug|Any CPU.ActiveCfg = Debug|Any CPU
		{98E63AD3-19D3-4905-A427-C18BB997E563}.Debug|Any CPU.Build.0 = Debug|Any CPU
		{98E63AD3-19D3-4905-A427-C18BB997E563}.Release|Any CPU.ActiveCfg = Release|Any CPU
		{98E63AD3-19D3-4905-A427-C18BB997E563}.Release|Any CPU.Build.0 = Release|Any CPU
	EndGlobalSection
	GlobalSection(SolutionProperties) = preSolution
		HideSolutionNode = FALSE
	EndGlobalSection
	GlobalSection(ExtensibilityGlobals) = postSolution
		SolutionGuid = {C72D7B17-AC3F-4FCB-9EA0-81B736CAA830}
	EndGlobalSection
EndGlobal
